
Microsoft Visual Studio Solution File, Format Version 12.00
# Visual Studio Version 17
VisualStudioVersion = 17.9.34728.123
MinimumVisualStudioVersion = 10.0.40219.1
Project("{FAE04EC0-301F-11D3-BF4B-00C04F79EFBC}") = "Calculadora_cientifica", "Calculadora_cientifica\Calculadora_cientifica.csproj", "{7254FEAB-FE09-49C2-B64A-CC3342255DC8}"
EndProject
Global
	GlobalSection(SolutionConfigurationPlatforms) = preSolution
		Debug|Any CPU = Debug|Any CPU
		Release|Any CPU = Release|Any CPU
	EndGlobalSection
	GlobalSection(ProjectConfigurationPlatforms) = postSolution
		{7254FEAB-FE09-49C2-B64A-CC3342255DC8}.Debug|Any CPU.ActiveCfg = Debug|Any CPU
		{7254FEAB-FE09-49C2-B64A-CC3342255DC8}.Debug|Any CPU.Build.0 = Debug|Any CPU
		{7254FEAB-FE09-49C2-B64A-CC3342255DC8}.Release|Any CPU.ActiveCfg = Release|Any CPU
		{7254FEAB-FE09-49C2-B64A-CC3342255DC8}.Release|Any CPU.Build.0 = Release|Any CPU
	EndGlobalSection
	GlobalSection(SolutionProperties) = preSolution
		HideSolutionNode = FALSE
	EndGlobalSection
	GlobalSection(ExtensibilityGlobals) = postSolution
		SolutionGuid = {4A76070A-FF13-4440-8C26-58FB45C37BCE}
	EndGlobalSection
EndGlobal
